<?xml version="1.0" encoding="utf-8"?>
<Project ToolsVersion="4.0" xmlns="http://schemas.microsoft.com/developer/msbuild/2003">
  <ItemGroup>
    <Filter Include="Source Files">
      <UniqueIdentifier>{4FC737F1-C7A5-4376-A066-2A32D752A2FF}</UniqueIdentifier>
      <Extensions>cpp;c;cc;cxx;c++;cppm;ixx;def;odl;idl;hpj;bat;asm;asmx</Extensions>
    </Filter>
    <Filter Include="Header Files">
      <UniqueIdentifier>{93995380-89BD-4b04-88EB-625FBE52EBFB}</UniqueIdentifier>
      <Extensions>h;hh;hpp;hxx;h++;hm;inl;inc;ipp;xsd</Extensions>
    </Filter>
    <Filter Include="Resource Files">
      <UniqueIdentifier>{67DA6AB6-F800-4c08-8B7A-83BB121AAD01}</UniqueIdentifier>
      <Extensions>rc;ico;cur;bmp;dlg;rc2;rct;bin;rgs;gif;jpg;jpeg;jpe;resx;tiff;tif;png;wav;mfcribbon-ms</Extensions>
    </Filter>
    <Filter Include="Resource Files\cogs">
      <UniqueIdentifier>{aa287d18-8a6d-46bc-acb7-747f98349872}</UniqueIdentifier>
    </Filter>
    <Filter Include="Header Files\Gloom Cogs">
      <UniqueIdentifier>{cf6bd7f3-fba5-46d1-9a8a-44f1f2f342da}</UniqueIdentifier>
    </Filter>
    <Filter Include="Header Files\Menu Cogs">
      <UniqueIdentifier>{d0ef4e84-37f8-4620-b3aa-090e359956bb}</UniqueIdentifier>
    </Filter>
    <Filter Include="Header Files\Aura Cogs">
      <UniqueIdentifier>{7cf2d9e9-f8f5-4ce1-9d30-f4efc4d2a143}</UniqueIdentifier>
    </Filter>
  </ItemGroup>
  <ItemGroup>
    <ClCompile Include="main.cpp">
      <Filter>Source Files</Filter>
    </ClCompile>
    <ClCompile Include="include\imgui\imgui.cpp">
      <Filter>Source Files</Filter>
    </ClCompile>
    <ClCompile Include="include\imgui\imgui_draw.cpp">
      <Filter>Source Files</Filter>
    </ClCompile>
    <ClCompile Include="include\imgui\imgui_impl_glfw.cpp">
      <Filter>Source Files</Filter>
    </ClCompile>
    <ClCompile Include="include\imgui\imgui_impl_opengl3.cpp">
      <Filter>Source Files</Filter>
    </ClCompile>
    <ClCompile Include="include\imgui\imgui_widgets.cpp">
      <Filter>Source Files</Filter>
    </ClCompile>
    <ClCompile Include="include\TextEditor.cpp">
      <Filter>Source Files</Filter>
    </ClCompile>
  </ItemGroup>
  <ItemGroup>
    <ClInclude Include="include\aura.hpp">
      <Filter>Header Files</Filter>
    </ClInclude>
    <ClInclude Include="include\gloom.hpp">
      <Filter>Header Files</Filter>
    </ClInclude>
    <ClInclude Include="include\definitions.hpp">
      <Filter>Header Files</Filter>
    </ClInclude>
    <ClInclude Include="include\scriptspace.hpp">
      <Filter>Header Files</Filter>
    </ClInclude>
    <ClInclude Include="scripts\scripts.hpp">
      <Filter>Header Files</Filter>
    </ClInclude>
    <ClInclude Include="include\hash_table.hpp">
      <Filter>Header Files</Filter>
    </ClInclude>
    <ClInclude Include="include\gloomcogs\2d.hpp">
      <Filter>Header Files\Gloom Cogs</Filter>
    </ClInclude>
    <ClInclude Include="include\gloomcogs\camera.hpp">
      <Filter>Header Files\Gloom Cogs</Filter>
    </ClInclude>
    <ClInclude Include="include\gloomcogs\model.hpp">
      <Filter>Header Files\Gloom Cogs</Filter>
    </ClInclude>
    <ClInclude Include="include\gloomcogs\const.hpp">
      <Filter>Header Files\Gloom Cogs</Filter>
    </ClInclude>
    <ClInclude Include="include\gloomcogs\matrix.hpp">
      <Filter>Header Files\Gloom Cogs</Filter>
    </ClInclude>
    <ClInclude Include="include\gloomcogs\window.hpp">
      <Filter>Header Files\Gloom Cogs</Filter>
    </ClInclude>
    <ClInclude Include="include\gloomcogs\input.hpp">
      <Filter>Header Files\Gloom Cogs</Filter>
    </ClInclude>
    <ClInclude Include="include\gloomcogs\debug.hpp">
      <Filter>Header Files\Gloom Cogs</Filter>
    </ClInclude>
    <ClInclude Include="include\gloomcogs\sys.hpp">
      <Filter>Header Files\Gloom Cogs</Filter>
    </ClInclude>
    <ClInclude Include="include\gloomcogs\shader.hpp">
      <Filter>Header Files\Gloom Cogs</Filter>
    </ClInclude>
    <ClInclude Include="include\gloomcogs\light.hpp">
      <Filter>Header Files\Gloom Cogs</Filter>
    </ClInclude>
    <ClInclude Include="include\gloomcogs\texture.hpp">
      <Filter>Header Files\Gloom Cogs</Filter>
    </ClInclude>
    <ClInclude Include="include\auracogs\init.hpp">
      <Filter>Header Files\Aura Cogs</Filter>
    </ClInclude>
    <ClInclude Include="include\auracogs\const.hpp">
      <Filter>Header Files\Aura Cogs</Filter>
    </ClInclude>
  </ItemGroup>
  <ItemGroup>
    <None Include="res\shaders\basic.shader">
      <Filter>Resource Files</Filter>
    </None>
  </ItemGroup>
</Project>